
Microsoft Visual Studio Solution File, Format Version 12.00
# Visual Studio Version 16
VisualStudioVersion = 16.0.32228.343
MinimumVisualStudioVersion = 10.0.40219.1
Project("{D954291E-2A0B-460D-934E-DC6B0785DB48}") = "App10.Shared", "App10.Shared\App10.Shared.shproj", "{6279C845-92F8-4333-AB99-3D213163593C}"
EndProject
Project("{2150E333-8FDC-42A3-9474-1A3956D46DE8}") = "Platforms", "Platforms", "{9118147C-1772-45B1-8618-6A1809903AE7}"
EndProject
Project("{FAE04EC0-301F-11D3-BF4B-00C04F79EFBC}") = "App10.Droid", "App10.Droid\App10.Droid.csproj", "{E0762C5F-CDA0-45DF-A3B8-743545AAE920}"
EndProject
Project("{FAE04EC0-301F-11D3-BF4B-00C04F79EFBC}") = "App10.iOS", "App10.iOS\App10.iOS.csproj", "{34BCE05D-B95F-4581-9FE2-B1BACF4F1235}"
EndProject
Project("{FAE04EC0-301F-11D3-BF4B-00C04F79EFBC}") = "App10.UWP", "App10.UWP\App10.UWP.csproj", "{56DAE9ED-738A-4724-852D-0AAB28A549A4}"
EndProject
Project("{FAE04EC0-301F-11D3-BF4B-00C04F79EFBC}") = "App10.Wasm", "App10.Wasm\App10.Wasm.csproj", "{32950F28-2751-4CF7-B576-3FD5E01B72E8}"
EndProject
Project("{FAE04EC0-301F-11D3-BF4B-00C04F79EFBC}") = "App10.macOS", "App10.macOS\App10.macOS.csproj", "{AE9F5627-0984-4CF4-9536-549C6B51F07B}"
EndProject
Project("{FAE04EC0-301F-11D3-BF4B-00C04F79EFBC}") = "App10.Skia.Wpf.Host", "App10.Skia.Wpf.Host\App10.Skia.Wpf.Host.csproj", "{C38B23D2-2B81-46FF-A53E-A995F015961F}"
EndProject
Project("{FAE04EC0-301F-11D3-BF4B-00C04F79EFBC}") = "App10.Skia.Wpf", "App10.Skia.Wpf\App10.Skia.Wpf.csproj", "{21E9DEA9-7E61-40DE-A546-76B1605B50FB}"
EndProject
Project("{FAE04EC0-301F-11D3-BF4B-00C04F79EFBC}") = "App10.Skia.Gtk", "App10.Skia.Gtk\App10.Skia.Gtk.csproj", "{DE5E94B2-8614-419F-81E6-AEFFBD43E551}"
EndProject
Project("{FAE04EC0-301F-11D3-BF4B-00C04F79EFBC}") = "App10.Skia.Tizen", "App10.Skia.Tizen\App10.Skia.Tizen.csproj", "{CC80364C-90C7-4F62-8F9B-8C20DF4D42BC}"
EndProject
Global
	GlobalSection(SharedMSBuildProjectFiles) = preSolution
		App10.Shared\App10.Shared.projitems*{21e9dea9-7e61-40de-a546-76b1605b50fb}*SharedItemsImports = 5
		App10.Shared\App10.Shared.projitems*{32950f28-2751-4cf7-b576-3fd5e01b72e8}*SharedItemsImports = 5
		App10.Shared\App10.Shared.projitems*{34bce05d-b95f-4581-9fe2-b1bacf4f1235}*SharedItemsImports = 4
		App10.Shared\App10.Shared.projitems*{56dae9ed-738a-4724-852d-0aab28a549a4}*SharedItemsImports = 4
		App10.Shared\App10.Shared.projitems*{6279c845-92f8-4333-ab99-3d213163593c}*SharedItemsImports = 13
		App10.Shared\App10.Shared.projitems*{ae9f5627-0984-4cf4-9536-549c6b51f07b}*SharedItemsImports = 4
		App10.Shared\App10.Shared.projitems*{cc80364c-90c7-4f62-8f9b-8c20df4d42bc}*SharedItemsImports = 5
		App10.Shared\App10.Shared.projitems*{de5e94b2-8614-419f-81e6-aeffbd43e551}*SharedItemsImports = 5
		App10.Shared\App10.Shared.projitems*{e0762c5f-cda0-45df-a3b8-743545aae920}*SharedItemsImports = 4
	EndGlobalSection
	GlobalSection(SolutionConfigurationPlatforms) = preSolution
		Ad-Hoc|Any CPU = Ad-Hoc|Any CPU
		Ad-Hoc|ARM = Ad-Hoc|ARM
		Ad-Hoc|ARM64 = Ad-Hoc|ARM64
		Ad-Hoc|iPhone = Ad-Hoc|iPhone
		Ad-Hoc|iPhoneSimulator = Ad-Hoc|iPhoneSimulator
		Ad-Hoc|x64 = Ad-Hoc|x64
		Ad-Hoc|x86 = Ad-Hoc|x86
		AppStore|Any CPU = AppStore|Any CPU
		AppStore|ARM = AppStore|ARM
		AppStore|ARM64 = AppStore|ARM64
		AppStore|iPhone = AppStore|iPhone
		AppStore|iPhoneSimulator = AppStore|iPhoneSimulator
		AppStore|x64 = AppStore|x64
		AppStore|x86 = AppStore|x86
		Debug|Any CPU = Debug|Any CPU
		Debug|ARM = Debug|ARM
		Debug|ARM64 = Debug|ARM64
		Debug|iPhone = Debug|iPhone
		Debug|iPhoneSimulator = Debug|iPhoneSimulator
		Debug|x64 = Debug|x64
		Debug|x86 = Debug|x86
		Release|Any CPU = Release|Any CPU
		Release|ARM = Release|ARM
		Release|ARM64 = Release|ARM64
		Release|iPhone = Release|iPhone
		Release|iPhoneSimulator = Release|iPhoneSimulator
		Release|x64 = Release|x64
		Release|x86 = Release|x86
	EndGlobalSection
	GlobalSection(ProjectConfigurationPlatforms) = postSolution
		{E0762C5F-CDA0-45DF-A3B8-743545AAE920}.Ad-Hoc|Any CPU.ActiveCfg = Debug|Any CPU
		{E0762C5F-CDA0-45DF-A3B8-743545AAE920}.Ad-Hoc|Any CPU.Build.0 = Debug|Any CPU
		{E0762C5F-CDA0-45DF-A3B8-743545AAE920}.Ad-Hoc|Any CPU.Deploy.0 = Debug|Any CPU
		{E0762C5F-CDA0-45DF-A3B8-743545AAE920}.Ad-Hoc|ARM.ActiveCfg = Debug|Any CPU
		{E0762C5F-CDA0-45DF-A3B8-743545AAE920}.Ad-Hoc|ARM.Build.0 = Debug|Any CPU
		{E0762C5F-CDA0-45DF-A3B8-743545AAE920}.Ad-Hoc|ARM.Deploy.0 = Debug|Any CPU
		{E0762C5F-CDA0-45DF-A3B8-743545AAE920}.Ad-Hoc|ARM64.ActiveCfg = Debug|Any CPU
		{E0762C5F-CDA0-45DF-A3B8-743545AAE920}.Ad-Hoc|ARM64.Build.0 = Debug|Any CPU
		{E0762C5F-CDA0-45DF-A3B8-743545AAE920}.Ad-Hoc|ARM64.Deploy.0 = Debug|Any CPU
		{E0762C5F-CDA0-45DF-A3B8-743545AAE920}.Ad-Hoc|iPhone.ActiveCfg = Debug|Any CPU
		{E0762C5F-CDA0-45DF-A3B8-743545AAE920}.Ad-Hoc|iPhone.Build.0 = Debug|Any CPU
		{E0762C5F-CDA0-45DF-A3B8-743545AAE920}.Ad-Hoc|iPhone.Deploy.0 = Debug|Any CPU
		{E0762C5F-CDA0-45DF-A3B8-743545AAE920}.Ad-Hoc|iPhoneSimulator.ActiveCfg = Debug|Any CPU
		{E0762C5F-CDA0-45DF-A3B8-743545AAE920}.Ad-Hoc|iPhoneSimulator.Build.0 = Debug|Any CPU
		{E0762C5F-CDA0-45DF-A3B8-743545AAE920}.Ad-Hoc|iPhoneSimulator.Deploy.0 = Debug|Any CPU
		{E0762C5F-CDA0-45DF-A3B8-743545AAE920}.Ad-Hoc|x64.ActiveCfg = Debug|Any CPU
		{E0762C5F-CDA0-45DF-A3B8-743545AAE920}.Ad-Hoc|x64.Build.0 = Debug|Any CPU
		{E0762C5F-CDA0-45DF-A3B8-743545AAE920}.Ad-Hoc|x64.Deploy.0 = Debug|Any CPU
		{E0762C5F-CDA0-45DF-A3B8-743545AAE920}.Ad-Hoc|x86.ActiveCfg = Debug|Any CPU
		{E0762C5F-CDA0-45DF-A3B8-743545AAE920}.Ad-Hoc|x86.Build.0 = Debug|Any CPU
		{E0762C5F-CDA0-45DF-A3B8-743545AAE920}.Ad-Hoc|x86.Deploy.0 = Debug|Any CPU
		{E0762C5F-CDA0-45DF-A3B8-743545AAE920}.AppStore|Any CPU.ActiveCfg = Debug|Any CPU
		{E0762C5F-CDA0-45DF-A3B8-743545AAE920}.AppStore|Any CPU.Build.0 = Debug|Any CPU
		{E0762C5F-CDA0-45DF-A3B8-743545AAE920}.AppStore|Any CPU.Deploy.0 = Debug|Any CPU
		{E0762C5F-CDA0-45DF-A3B8-743545AAE920}.AppStore|ARM.ActiveCfg = Debug|Any CPU
		{E0762C5F-CDA0-45DF-A3B8-743545AAE920}.AppStore|ARM.Build.0 = Debug|Any CPU
		{E0762C5F-CDA0-45DF-A3B8-743545AAE920}.AppStore|ARM.Deploy.0 = Debug|Any CPU
		{E0762C5F-CDA0-45DF-A3B8-743545AAE920}.AppStore|ARM64.ActiveCfg = Debug|Any CPU
		{E0762C5F-CDA0-45DF-A3B8-743545AAE920}.AppStore|ARM64.Build.0 = Debug|Any CPU
		{E0762C5F-CDA0-45DF-A3B8-743545AAE920}.AppStore|ARM64.Deploy.0 = Debug|Any CPU
		{E0762C5F-CDA0-45DF-A3B8-743545AAE920}.AppStore|iPhone.ActiveCfg = Debug|Any CPU
		{E0762C5F-CDA0-45DF-A3B8-743545AAE920}.AppStore|iPhone.Build.0 = Debug|Any CPU
		{E0762C5F-CDA0-45DF-A3B8-743545AAE920}.AppStore|iPhone.Deploy.0 = Debug|Any CPU
		{E0762C5F-CDA0-45DF-A3B8-743545AAE920}.AppStore|iPhoneSimulator.ActiveCfg = Debug|Any CPU
		{E0762C5F-CDA0-45DF-A3B8-743545AAE920}.AppStore|iPhoneSimulator.Build.0 = Debug|Any CPU
		{E0762C5F-CDA0-45DF-A3B8-743545AAE920}.AppStore|iPhoneSimulator.Deploy.0 = Debug|Any CPU
		{E0762C5F-CDA0-45DF-A3B8-743545AAE920}.AppStore|x64.ActiveCfg = Debug|Any CPU
		{E0762C5F-CDA0-45DF-A3B8-743545AAE920}.AppStore|x64.Build.0 = Debug|Any CPU
		{E0762C5F-CDA0-45DF-A3B8-743545AAE920}.AppStore|x64.Deploy.0 = Debug|Any CPU
		{E0762C5F-CDA0-45DF-A3B8-743545AAE920}.AppStore|x86.ActiveCfg = Debug|Any CPU
		{E0762C5F-CDA0-45DF-A3B8-743545AAE920}.AppStore|x86.Build.0 = Debug|Any CPU
		{E0762C5F-CDA0-45DF-A3B8-743545AAE920}.AppStore|x86.Deploy.0 = Debug|Any CPU
		{E0762C5F-CDA0-45DF-A3B8-743545AAE920}.Debug|Any CPU.ActiveCfg = Debug|Any CPU
		{E0762C5F-CDA0-45DF-A3B8-743545AAE920}.Debug|Any CPU.Build.0 = Debug|Any CPU
		{E0762C5F-CDA0-45DF-A3B8-743545AAE920}.Debug|Any CPU.Deploy.0 = Debug|Any CPU
		{E0762C5F-CDA0-45DF-A3B8-743545AAE920}.Debug|ARM.ActiveCfg = Debug|Any CPU
		{E0762C5F-CDA0-45DF-A3B8-743545AAE920}.Debug|ARM.Build.0 = Debug|Any CPU
		{E0762C5F-CDA0-45DF-A3B8-743545AAE920}.Debug|ARM.Deploy.0 = Debug|Any CPU
		{E0762C5F-CDA0-45DF-A3B8-743545AAE920}.Debug|ARM64.ActiveCfg = Debug|Any CPU
		{E0762C5F-CDA0-45DF-A3B8-743545AAE920}.Debug|ARM64.Build.0 = Debug|Any CPU
		{E0762C5F-CDA0-45DF-A3B8-743545AAE920}.Debug|ARM64.Deploy.0 = Debug|Any CPU
		{E0762C5F-CDA0-45DF-A3B8-743545AAE920}.Debug|iPhone.ActiveCfg = Debug|Any CPU
		{E0762C5F-CDA0-45DF-A3B8-743545AAE920}.Debug|iPhone.Build.0 = Debug|Any CPU
		{E0762C5F-CDA0-45DF-A3B8-743545AAE920}.Debug|iPhone.Deploy.0 = Debug|Any CPU
		{E0762C5F-CDA0-45DF-A3B8-743545AAE920}.Debug|iPhoneSimulator.ActiveCfg = Debug|Any CPU
		{E0762C5F-CDA0-45DF-A3B8-743545AAE920}.Debug|iPhoneSimulator.Build.0 = Debug|Any CPU
		{E0762C5F-CDA0-45DF-A3B8-743545AAE920}.Debug|iPhoneSimulator.Deploy.0 = Debug|Any CPU
		{E0762C5F-CDA0-45DF-A3B8-743545AAE920}.Debug|x64.ActiveCfg = Debug|Any CPU
		{E0762C5F-CDA0-45DF-A3B8-743545AAE920}.Debug|x64.Build.0 = Debug|Any CPU
		{E0762C5F-CDA0-45DF-A3B8-743545AAE920}.Debug|x64.Deploy.0 = Debug|Any CPU
		{E0762C5F-CDA0-45DF-A3B8-743545AAE920}.Debug|x86.ActiveCfg = Debug|Any CPU
		{E0762C5F-CDA0-45DF-A3B8-743545AAE920}.Debug|x86.Build.0 = Debug|Any CPU
		{E0762C5F-CDA0-45DF-A3B8-743545AAE920}.Debug|x86.Deploy.0 = Debug|Any CPU
		{E0762C5F-CDA0-45DF-A3B8-743545AAE920}.Release|Any CPU.ActiveCfg = Release|Any CPU
		{E0762C5F-CDA0-45DF-A3B8-743545AAE920}.Release|Any CPU.Build.0 = Release|Any CPU
		{E0762C5F-CDA0-45DF-A3B8-743545AAE920}.Release|Any CPU.Deploy.0 = Release|Any CPU
		{E0762C5F-CDA0-45DF-A3B8-743545AAE920}.Release|ARM.ActiveCfg = Release|Any CPU
		{E0762C5F-CDA0-45DF-A3B8-743545AAE920}.Release|ARM.Build.0 = Release|Any CPU
		{E0762C5F-CDA0-45DF-A3B8-743545AAE920}.Release|ARM.Deploy.0 = Release|Any CPU
		{E0762C5F-CDA0-45DF-A3B8-743545AAE920}.Release|ARM64.ActiveCfg = Release|Any CPU
		{E0762C5F-CDA0-45DF-A3B8-743545AAE920}.Release|ARM64.Build.0 = Release|Any CPU
		{E0762C5F-CDA0-45DF-A3B8-743545AAE920}.Release|ARM64.Deploy.0 = Release|Any CPU
		{E0762C5F-CDA0-45DF-A3B8-743545AAE920}.Release|iPhone.ActiveCfg = Release|Any CPU
		{E0762C5F-CDA0-45DF-A3B8-743545AAE920}.Release|iPhone.Build.0 = Release|Any CPU
		{E0762C5F-CDA0-45DF-A3B8-743545AAE920}.Release|iPhone.Deploy.0 = Release|Any CPU
		{E0762C5F-CDA0-45DF-A3B8-743545AAE920}.Release|iPhoneSimulator.ActiveCfg = Release|Any CPU
		{E0762C5F-CDA0-45DF-A3B8-743545AAE920}.Release|iPhoneSimulator.Build.0 = Release|Any CPU
		{E0762C5F-CDA0-45DF-A3B8-743545AAE920}.Release|iPhoneSimulator.Deploy.0 = Release|Any CPU
		{E0762C5F-CDA0-45DF-A3B8-743545AAE920}.Release|x64.ActiveCfg = Release|Any CPU
		{E0762C5F-CDA0-45DF-A3B8-743545AAE920}.Release|x64.Build.0 = Release|Any CPU
		{E0762C5F-CDA0-45DF-A3B8-743545AAE920}.Release|x64.Deploy.0 = Release|Any CPU
		{E0762C5F-CDA0-45DF-A3B8-743545AAE920}.Release|x86.ActiveCfg = Release|Any CPU
		{E0762C5F-CDA0-45DF-A3B8-743545AAE920}.Release|x86.Build.0 = Release|Any CPU
		{E0762C5F-CDA0-45DF-A3B8-743545AAE920}.Release|x86.Deploy.0 = Release|Any CPU
		{34BCE05D-B95F-4581-9FE2-B1BACF4F1235}.Ad-Hoc|Any CPU.ActiveCfg = Ad-Hoc|iPhoneSimulator
		{34BCE05D-B95F-4581-9FE2-B1BACF4F1235}.Ad-Hoc|ARM.ActiveCfg = Ad-Hoc|iPhoneSimulator
		{34BCE05D-B95F-4581-9FE2-B1BACF4F1235}.Ad-Hoc|ARM64.ActiveCfg = Ad-Hoc|iPhoneSimulator
		{34BCE05D-B95F-4581-9FE2-B1BACF4F1235}.Ad-Hoc|iPhone.ActiveCfg = Ad-Hoc|iPhone
		{34BCE05D-B95F-4581-9FE2-B1BACF4F1235}.Ad-Hoc|iPhone.Build.0 = Ad-Hoc|iPhone
		{34BCE05D-B95F-4581-9FE2-B1BACF4F1235}.Ad-Hoc|iPhoneSimulator.ActiveCfg = Ad-Hoc|iPhoneSimulator
		{34BCE05D-B95F-4581-9FE2-B1BACF4F1235}.Ad-Hoc|iPhoneSimulator.Build.0 = Ad-Hoc|iPhoneSimulator
		{34BCE05D-B95F-4581-9FE2-B1BACF4F1235}.Ad-Hoc|x64.ActiveCfg = Ad-Hoc|iPhoneSimulator
		{34BCE05D-B95F-4581-9FE2-B1BACF4F1235}.Ad-Hoc|x86.ActiveCfg = Ad-Hoc|iPhoneSimulator
		{34BCE05D-B95F-4581-9FE2-B1BACF4F1235}.AppStore|Any CPU.ActiveCfg = AppStore|iPhoneSimulator
		{34BCE05D-B95F-4581-9FE2-B1BACF4F1235}.AppStore|ARM.ActiveCfg = AppStore|iPhoneSimulator
		{34BCE05D-B95F-4581-9FE2-B1BACF4F1235}.AppStore|ARM64.ActiveCfg = AppStore|iPhoneSimulator
		{34BCE05D-B95F-4581-9FE2-B1BACF4F1235}.AppStore|iPhone.ActiveCfg = AppStore|iPhone
		{34BCE05D-B95F-4581-9FE2-B1BACF4F1235}.AppStore|iPhone.Build.0 = AppStore|iPhone
		{34BCE05D-B95F-4581-9FE2-B1BACF4F1235}.AppStore|iPhoneSimulator.ActiveCfg = AppStore|iPhoneSimulator
		{34BCE05D-B95F-4581-9FE2-B1BACF4F1235}.AppStore|iPhoneSimulator.Build.0 = AppStore|iPhoneSimulator
		{34BCE05D-B95F-4581-9FE2-B1BACF4F1235}.AppStore|x64.ActiveCfg = AppStore|iPhoneSimulator
		{34BCE05D-B95F-4581-9FE2-B1BACF4F1235}.AppStore|x86.ActiveCfg = AppStore|iPhoneSimulator
		{34BCE05D-B95F-4581-9FE2-B1BACF4F1235}.Debug|Any CPU.ActiveCfg = Debug|iPhoneSimulator
		{34BCE05D-B95F-4581-9FE2-B1BACF4F1235}.Debug|ARM.ActiveCfg = Debug|iPhoneSimulator
		{34BCE05D-B95F-4581-9FE2-B1BACF4F1235}.Debug|ARM64.ActiveCfg = Debug|iPhoneSimulator
		{34BCE05D-B95F-4581-9FE2-B1BACF4F1235}.Debug|iPhone.ActiveCfg = Debug|iPhone
		{34BCE05D-B95F-4581-9FE2-B1BACF4F1235}.Debug|iPhone.Build.0 = Debug|iPhone
		{34BCE05D-B95F-4581-9FE2-B1BACF4F1235}.Debug|iPhoneSimulator.ActiveCfg = Debug|iPhoneSimulator
		{34BCE05D-B95F-4581-9FE2-B1BACF4F1235}.Debug|iPhoneSimulator.Build.0 = Debug|iPhoneSimulator
		{34BCE05D-B95F-4581-9FE2-B1BACF4F1235}.Debug|x64.ActiveCfg = Debug|iPhoneSimulator
		{34BCE05D-B95F-4581-9FE2-B1BACF4F1235}.Debug|x86.ActiveCfg = Debug|iPhoneSimulator
		{34BCE05D-B95F-4581-9FE2-B1BACF4F1235}.Release|Any CPU.ActiveCfg = Release|iPhoneSimulator
		{34BCE05D-B95F-4581-9FE2-B1BACF4F1235}.Release|ARM.ActiveCfg = Release|iPhoneSimulator
		{34BCE05D-B95F-4581-9FE2-B1BACF4F1235}.Release|ARM64.ActiveCfg = Release|iPhoneSimulator
		{34BCE05D-B95F-4581-9FE2-B1BACF4F1235}.Release|iPhone.ActiveCfg = Release|iPhone
		{34BCE05D-B95F-4581-9FE2-B1BACF4F1235}.Release|iPhone.Build.0 = Release|iPhone
		{34BCE05D-B95F-4581-9FE2-B1BACF4F1235}.Release|iPhoneSimulator.ActiveCfg = Release|iPhoneSimulator
		{34BCE05D-B95F-4581-9FE2-B1BACF4F1235}.Release|iPhoneSimulator.Build.0 = Release|iPhoneSimulator
		{34BCE05D-B95F-4581-9FE2-B1BACF4F1235}.Release|x64.ActiveCfg = Release|iPhoneSimulator
		{34BCE05D-B95F-4581-9FE2-B1BACF4F1235}.Release|x86.ActiveCfg = Release|iPhoneSimulator
		{56DAE9ED-738A-4724-852D-0AAB28A549A4}.Ad-Hoc|Any CPU.ActiveCfg = Debug|x86
		{56DAE9ED-738A-4724-852D-0AAB28A549A4}.Ad-Hoc|Any CPU.Build.0 = Debug|x86
		{56DAE9ED-738A-4724-852D-0AAB28A549A4}.Ad-Hoc|Any CPU.Deploy.0 = Debug|x86
		{56DAE9ED-738A-4724-852D-0AAB28A549A4}.Ad-Hoc|ARM.ActiveCfg = Debug|ARM
		{56DAE9ED-738A-4724-852D-0AAB28A549A4}.Ad-Hoc|ARM.Build.0 = Debug|ARM
		{56DAE9ED-738A-4724-852D-0AAB28A549A4}.Ad-Hoc|ARM.Deploy.0 = Debug|ARM
		{56DAE9ED-738A-4724-852D-0AAB28A549A4}.Ad-Hoc|ARM64.ActiveCfg = Debug|ARM64
		{56DAE9ED-738A-4724-852D-0AAB28A549A4}.Ad-Hoc|ARM64.Build.0 = Debug|ARM64
		{56DAE9ED-738A-4724-852D-0AAB28A549A4}.Ad-Hoc|ARM64.Deploy.0 = Debug|ARM64
		{56DAE9ED-738A-4724-852D-0AAB28A549A4}.Ad-Hoc|iPhone.ActiveCfg = Debug|x86
		{56DAE9ED-738A-4724-852D-0AAB28A549A4}.Ad-Hoc|iPhone.Build.0 = Debug|x86
		{56DAE9ED-738A-4724-852D-0AAB28A549A4}.Ad-Hoc|iPhone.Deploy.0 = Debug|x86
		{56DAE9ED-738A-4724-852D-0AAB28A549A4}.Ad-Hoc|iPhoneSimulator.ActiveCfg = Debug|x86
		{56DAE9ED-738A-4724-852D-0AAB28A549A4}.Ad-Hoc|iPhoneSimulator.Build.0 = Debug|x86
		{56DAE9ED-738A-4724-852D-0AAB28A549A4}.Ad-Hoc|iPhoneSimulator.Deploy.0 = Debug|x86
		{56DAE9ED-738A-4724-852D-0AAB28A549A4}.Ad-Hoc|x64.ActiveCfg = Debug|x64
		{56DAE9ED-738A-4724-852D-0AAB28A549A4}.Ad-Hoc|x64.Build.0 = Debug|x64
		{56DAE9ED-738A-4724-852D-0AAB28A549A4}.Ad-Hoc|x64.Deploy.0 = Debug|x64
		{56DAE9ED-738A-4724-852D-0AAB28A549A4}.Ad-Hoc|x86.ActiveCfg = Debug|x86
		{56DAE9ED-738A-4724-852D-0AAB28A549A4}.Ad-Hoc|x86.Build.0 = Debug|x86
		{56DAE9ED-738A-4724-852D-0AAB28A549A4}.Ad-Hoc|x86.Deploy.0 = Debug|x86
		{56DAE9ED-738A-4724-852D-0AAB28A549A4}.AppStore|Any CPU.ActiveCfg = Debug|x86
		{56DAE9ED-738A-4724-852D-0AAB28A549A4}.AppStore|Any CPU.Build.0 = Debug|x86
		{56DAE9ED-738A-4724-852D-0AAB28A549A4}.AppStore|Any CPU.Deploy.0 = Debug|x86
		{56DAE9ED-738A-4724-852D-0AAB28A549A4}.AppStore|ARM.ActiveCfg = Debug|ARM
		{56DAE9ED-738A-4724-852D-0AAB28A549A4}.AppStore|ARM.Build.0 = Debug|ARM
		{56DAE9ED-738A-4724-852D-0AAB28A549A4}.AppStore|ARM.Deploy.0 = Debug|ARM
		{56DAE9ED-738A-4724-852D-0AAB28A549A4}.AppStore|ARM64.ActiveCfg = Debug|ARM64
		{56DAE9ED-738A-4724-852D-0AAB28A549A4}.AppStore|ARM64.Build.0 = Debug|ARM64
		{56DAE9ED-738A-4724-852D-0AAB28A549A4}.AppStore|ARM64.Deploy.0 = Debug|ARM64
		{56DAE9ED-738A-4724-852D-0AAB28A549A4}.AppStore|iPhone.ActiveCfg = Debug|x86
		{56DAE9ED-738A-4724-852D-0AAB28A549A4}.AppStore|iPhone.Build.0 = Debug|x86
		{56DAE9ED-738A-4724-852D-0AAB28A549A4}.AppStore|iPhone.Deploy.0 = Debug|x86
		{56DAE9ED-738A-4724-852D-0AAB28A549A4}.AppStore|iPhoneSimulator.ActiveCfg = Debug|x86
		{56DAE9ED-738A-4724-852D-0AAB28A549A4}.AppStore|iPhoneSimulator.Build.0 = Debug|x86
		{56DAE9ED-738A-4724-852D-0AAB28A549A4}.AppStore|iPhoneSimulator.Deploy.0 = Debug|x86
		{56DAE9ED-738A-4724-852D-0AAB28A549A4}.AppStore|x64.ActiveCfg = Debug|x64
		{56DAE9ED-738A-4724-852D-0AAB28A549A4}.AppStore|x64.Build.0 = Debug|x64
		{56DAE9ED-738A-4724-852D-0AAB28A549A4}.AppStore|x64.Deploy.0 = Debug|x64
		{56DAE9ED-738A-4724-852D-0AAB28A549A4}.AppStore|x86.ActiveCfg = Debug|x86
		{56DAE9ED-738A-4724-852D-0AAB28A549A4}.AppStore|x86.Build.0 = Debug|x86
		{56DAE9ED-738A-4724-852D-0AAB28A549A4}.AppStore|x86.Deploy.0 = Debug|x86
		{56DAE9ED-738A-4724-852D-0AAB28A549A4}.Debug|Any CPU.ActiveCfg = Debug|x86
		{56DAE9ED-738A-4724-852D-0AAB28A549A4}.Debug|Any CPU.Build.0 = Debug|x86
		{56DAE9ED-738A-4724-852D-0AAB28A549A4}.Debug|Any CPU.Deploy.0 = Debug|x86
		{56DAE9ED-738A-4724-852D-0AAB28A549A4}.Debug|ARM.ActiveCfg = Debug|ARM
		{56DAE9ED-738A-4724-852D-0AAB28A549A4}.Debug|ARM.Build.0 = Debug|ARM
		{56DAE9ED-738A-4724-852D-0AAB28A549A4}.Debug|ARM.Deploy.0 = Debug|ARM
		{56DAE9ED-738A-4724-852D-0AAB28A549A4}.Debug|ARM64.ActiveCfg = Debug|ARM64
		{56DAE9ED-738A-4724-852D-0AAB28A549A4}.Debug|ARM64.Build.0 = Debug|ARM64
		{56DAE9ED-738A-4724-852D-0AAB28A549A4}.Debug|ARM64.Deploy.0 = Debug|ARM64
		{56DAE9ED-738A-4724-852D-0AAB28A549A4}.Debug|iPhone.ActiveCfg = Debug|x86
		{56DAE9ED-738A-4724-852D-0AAB28A549A4}.Debug|iPhoneSimulator.ActiveCfg = Debug|x86
		{56DAE9ED-738A-4724-852D-0AAB28A549A4}.Debug|x64.ActiveCfg = Debug|x64
		{56DAE9ED-738A-4724-852D-0AAB28A549A4}.Debug|x64.Build.0 = Debug|x64
		{56DAE9ED-738A-4724-852D-0AAB28A549A4}.Debug|x64.Deploy.0 = Debug|x64
		{56DAE9ED-738A-4724-852D-0AAB28A549A4}.Debug|x86.ActiveCfg = Debug|x86
		{56DAE9ED-738A-4724-852D-0AAB28A549A4}.Debug|x86.Build.0 = Debug|x86
		{56DAE9ED-738A-4724-852D-0AAB28A549A4}.Debug|x86.Deploy.0 = Debug|x86
		{56DAE9ED-738A-4724-852D-0AAB28A549A4}.Release|Any CPU.ActiveCfg = Release|x86
		{56DAE9ED-738A-4724-852D-0AAB28A549A4}.Release|ARM.ActiveCfg = Release|ARM
		{56DAE9ED-738A-4724-852D-0AAB28A549A4}.Release|ARM.Build.0 = Release|ARM
		{56DAE9ED-738A-4724-852D-0AAB28A549A4}.Release|ARM.Deploy.0 = Release|ARM
		{56DAE9ED-738A-4724-852D-0AAB28A549A4}.Release|ARM64.ActiveCfg = Release|ARM64
		{56DAE9ED-738A-4724-852D-0AAB28A549A4}.Release|ARM64.Build.0 = Release|ARM64
		{56DAE9ED-738A-4724-852D-0AAB28A549A4}.Release|ARM64.Deploy.0 = Release|ARM64
		{56DAE9ED-738A-4724-852D-0AAB28A549A4}.Release|iPhone.ActiveCfg = Release|x86
		{56DAE9ED-738A-4724-852D-0AAB28A549A4}.Release|iPhoneSimulator.ActiveCfg = Release|x86
		{56DAE9ED-738A-4724-852D-0AAB28A549A4}.Release|x64.ActiveCfg = Release|x64
		{56DAE9ED-738A-4724-852D-0AAB28A549A4}.Release|x64.Build.0 = Release|x64
		{56DAE9ED-738A-4724-852D-0AAB28A549A4}.Release|x64.Deploy.0 = Release|x64
		{56DAE9ED-738A-4724-852D-0AAB28A549A4}.Release|x86.ActiveCfg = Release|x86
		{56DAE9ED-738A-4724-852D-0AAB28A549A4}.Release|x86.Build.0 = Release|x86
		{56DAE9ED-738A-4724-852D-0AAB28A549A4}.Release|x86.Deploy.0 = Release|x86
		{32950F28-2751-4CF7-B576-3FD5E01B72E8}.Ad-Hoc|Any CPU.ActiveCfg = Debug|Any CPU
		{32950F28-2751-4CF7-B576-3FD5E01B72E8}.Ad-Hoc|Any CPU.Build.0 = Debug|Any CPU
		{32950F28-2751-4CF7-B576-3FD5E01B72E8}.Ad-Hoc|ARM.ActiveCfg = Debug|Any CPU
		{32950F28-2751-4CF7-B576-3FD5E01B72E8}.Ad-Hoc|ARM.Build.0 = Debug|Any CPU
		{32950F28-2751-4CF7-B576-3FD5E01B72E8}.Ad-Hoc|ARM64.ActiveCfg = Debug|Any CPU
		{32950F28-2751-4CF7-B576-3FD5E01B72E8}.Ad-Hoc|ARM64.Build.0 = Debug|Any CPU
		{32950F28-2751-4CF7-B576-3FD5E01B72E8}.Ad-Hoc|iPhone.ActiveCfg = Debug|Any CPU
		{32950F28-2751-4CF7-B576-3FD5E01B72E8}.Ad-Hoc|iPhone.Build.0 = Debug|Any CPU
		{32950F28-2751-4CF7-B576-3FD5E01B72E8}.Ad-Hoc|iPhoneSimulator.ActiveCfg = Debug|Any CPU
		{32950F28-2751-4CF7-B576-3FD5E01B72E8}.Ad-Hoc|iPhoneSimulator.Build.0 = Debug|Any CPU
		{32950F28-2751-4CF7-B576-3FD5E01B72E8}.Ad-Hoc|x64.ActiveCfg = Debug|Any CPU
		{32950F28-2751-4CF7-B576-3FD5E01B72E8}.Ad-Hoc|x64.Build.0 = Debug|Any CPU
		{32950F28-2751-4CF7-B576-3FD5E01B72E8}.Ad-Hoc|x86.ActiveCfg = Debug|Any CPU
		{32950F28-2751-4CF7-B576-3FD5E01B72E8}.Ad-Hoc|x86.Build.0 = Debug|Any CPU
		{32950F28-2751-4CF7-B576-3FD5E01B72E8}.AppStore|Any CPU.ActiveCfg = Debug|Any CPU
		{32950F28-2751-4CF7-B576-3FD5E01B72E8}.AppStore|Any CPU.Build.0 = Debug|Any CPU
		{32950F28-2751-4CF7-B576-3FD5E01B72E8}.AppStore|ARM.ActiveCfg = Debug|Any CPU
		{32950F28-2751-4CF7-B576-3FD5E01B72E8}.AppStore|ARM.Build.0 = Debug|Any CPU
		{32950F28-2751-4CF7-B576-3FD5E01B72E8}.AppStore|ARM64.ActiveCfg = Debug|Any CPU
		{32950F28-2751-4CF7-B576-3FD5E01B72E8}.AppStore|ARM64.Build.0 = Debug|Any CPU
		{32950F28-2751-4CF7-B576-3FD5E01B72E8}.AppStore|iPhone.ActiveCfg = Debug|Any CPU
		{32950F28-2751-4CF7-B576-3FD5E01B72E8}.AppStore|iPhone.Build.0 = Debug|Any CPU
		{32950F28-2751-4CF7-B576-3FD5E01B72E8}.AppStore|iPhoneSimulator.ActiveCfg = Debug|Any CPU
		{32950F28-2751-4CF7-B576-3FD5E01B72E8}.AppStore|iPhoneSimulator.Build.0 = Debug|Any CPU
		{32950F28-2751-4CF7-B576-3FD5E01B72E8}.AppStore|x64.ActiveCfg = Debug|Any CPU
		{32950F28-2751-4CF7-B576-3FD5E01B72E8}.AppStore|x64.Build.0 = Debug|Any CPU
		{32950F28-2751-4CF7-B576-3FD5E01B72E8}.AppStore|x86.ActiveCfg = Debug|Any CPU
		{32950F28-2751-4CF7-B576-3FD5E01B72E8}.AppStore|x86.Build.0 = Debug|Any CPU
		{32950F28-2751-4CF7-B576-3FD5E01B72E8}.Debug|Any CPU.ActiveCfg = Debug|Any CPU
		{32950F28-2751-4CF7-B576-3FD5E01B72E8}.Debug|Any CPU.Build.0 = Debug|Any CPU
		{32950F28-2751-4CF7-B576-3FD5E01B72E8}.Debug|ARM.ActiveCfg = Debug|Any CPU
		{32950F28-2751-4CF7-B576-3FD5E01B72E8}.Debug|ARM.Build.0 = Debug|Any CPU
		{32950F28-2751-4CF7-B576-3FD5E01B72E8}.Debug|ARM64.ActiveCfg = Debug|Any CPU
		{32950F28-2751-4CF7-B576-3FD5E01B72E8}.Debug|ARM64.Build.0 = Debug|Any CPU
		{32950F28-2751-4CF7-B576-3FD5E01B72E8}.Debug|iPhone.ActiveCfg = Debug|Any CPU
		{32950F28-2751-4CF7-B576-3FD5E01B72E8}.Debug|iPhone.Build.0 = Debug|Any CPU
		{32950F28-2751-4CF7-B576-3FD5E01B72E8}.Debug|iPhoneSimulator.ActiveCfg = Debug|Any CPU
		{32950F28-2751-4CF7-B576-3FD5E01B72E8}.Debug|iPhoneSimulator.Build.0 = Debug|Any CPU
		{32950F28-2751-4CF7-B576-3FD5E01B72E8}.Debug|x64.ActiveCfg = Debug|Any CPU
		{32950F28-2751-4CF7-B576-3FD5E01B72E8}.Debug|x64.Build.0 = Debug|Any CPU
		{32950F28-2751-4CF7-B576-3FD5E01B72E8}.Debug|x86.ActiveCfg = Debug|Any CPU
		{32950F28-2751-4CF7-B576-3FD5E01B72E8}.Debug|x86.Build.0 = Debug|Any CPU
		{32950F28-2751-4CF7-B576-3FD5E01B72E8}.Release|Any CPU.ActiveCfg = Release|Any CPU
		{32950F28-2751-4CF7-B576-3FD5E01B72E8}.Release|Any CPU.Build.0 = Release|Any CPU
		{32950F28-2751-4CF7-B576-3FD5E01B72E8}.Release|ARM.ActiveCfg = Release|Any CPU
		{32950F28-2751-4CF7-B576-3FD5E01B72E8}.Release|ARM.Build.0 = Release|Any CPU
		{32950F28-2751-4CF7-B576-3FD5E01B72E8}.Release|ARM64.ActiveCfg = Release|Any CPU
		{32950F28-2751-4CF7-B576-3FD5E01B72E8}.Release|ARM64.Build.0 = Release|Any CPU
		{32950F28-2751-4CF7-B576-3FD5E01B72E8}.Release|iPhone.ActiveCfg = Release|Any CPU
		{32950F28-2751-4CF7-B576-3FD5E01B72E8}.Release|iPhone.Build.0 = Release|Any CPU
		{32950F28-2751-4CF7-B576-3FD5E01B72E8}.Release|iPhoneSimulator.ActiveCfg = Release|Any CPU
		{32950F28-2751-4CF7-B576-3FD5E01B72E8}.Release|iPhoneSimulator.Build.0 = Release|Any CPU
		{32950F28-2751-4CF7-B576-3FD5E01B72E8}.Release|x64.ActiveCfg = Release|Any CPU
		{32950F28-2751-4CF7-B576-3FD5E01B72E8}.Release|x64.Build.0 = Release|Any CPU
		{32950F28-2751-4CF7-B576-3FD5E01B72E8}.Release|x86.ActiveCfg = Release|Any CPU
		{32950F28-2751-4CF7-B576-3FD5E01B72E8}.Release|x86.Build.0 = Release|Any CPU
		{AE9F5627-0984-4CF4-9536-549C6B51F07B}.Ad-Hoc|Any CPU.ActiveCfg = Debug|iPhoneSimulator
		{AE9F5627-0984-4CF4-9536-549C6B51F07B}.Ad-Hoc|Any CPU.Build.0 = Debug|iPhoneSimulator
		{AE9F5627-0984-4CF4-9536-549C6B51F07B}.Ad-Hoc|ARM.ActiveCfg = Debug|iPhoneSimulator
		{AE9F5627-0984-4CF4-9536-549C6B51F07B}.Ad-Hoc|ARM.Build.0 = Debug|iPhoneSimulator
		{AE9F5627-0984-4CF4-9536-549C6B51F07B}.Ad-Hoc|ARM64.ActiveCfg = Debug|iPhoneSimulator
		{AE9F5627-0984-4CF4-9536-549C6B51F07B}.Ad-Hoc|ARM64.Build.0 = Debug|iPhoneSimulator
		{AE9F5627-0984-4CF4-9536-549C6B51F07B}.Ad-Hoc|iPhone.ActiveCfg = Debug|iPhoneSimulator
		{AE9F5627-0984-4CF4-9536-549C6B51F07B}.Ad-Hoc|iPhone.Build.0 = Debug|iPhoneSimulator
		{AE9F5627-0984-4CF4-9536-549C6B51F07B}.Ad-Hoc|iPhoneSimulator.ActiveCfg = Debug|iPhoneSimulator
		{AE9F5627-0984-4CF4-9536-549C6B51F07B}.Ad-Hoc|iPhoneSimulator.Build.0 = Debug|iPhoneSimulator
		{AE9F5627-0984-4CF4-9536-549C6B51F07B}.Ad-Hoc|x64.ActiveCfg = Debug|iPhoneSimulator
		{AE9F5627-0984-4CF4-9536-549C6B51F07B}.Ad-Hoc|x64.Build.0 = Debug|iPhoneSimulator
		{AE9F5627-0984-4CF4-9536-549C6B51F07B}.Ad-Hoc|x86.ActiveCfg = Debug|iPhoneSimulator
		{AE9F5627-0984-4CF4-9536-549C6B51F07B}.Ad-Hoc|x86.Build.0 = Debug|iPhoneSimulator
		{AE9F5627-0984-4CF4-9536-549C6B51F07B}.AppStore|Any CPU.ActiveCfg = Debug|iPhoneSimulator
		{AE9F5627-0984-4CF4-9536-549C6B51F07B}.AppStore|Any CPU.Build.0 = Debug|iPhoneSimulator
		{AE9F5627-0984-4CF4-9536-549C6B51F07B}.AppStore|ARM.ActiveCfg = Debug|iPhoneSimulator
		{AE9F5627-0984-4CF4-9536-549C6B51F07B}.AppStore|ARM.Build.0 = Debug|iPhoneSimulator
		{AE9F5627-0984-4CF4-9536-549C6B51F07B}.AppStore|ARM64.ActiveCfg = Debug|iPhoneSimulator
		{AE9F5627-0984-4CF4-9536-549C6B51F07B}.AppStore|ARM64.Build.0 = Debug|iPhoneSimulator
		{AE9F5627-0984-4CF4-9536-549C6B51F07B}.AppStore|iPhone.ActiveCfg = Debug|iPhoneSimulator
		{AE9F5627-0984-4CF4-9536-549C6B51F07B}.AppStore|iPhone.Build.0 = Debug|iPhoneSimulator
		{AE9F5627-0984-4CF4-9536-549C6B51F07B}.AppStore|iPhoneSimulator.ActiveCfg = Debug|iPhoneSimulator
		{AE9F5627-0984-4CF4-9536-549C6B51F07B}.AppStore|iPhoneSimulator.Build.0 = Debug|iPhoneSimulator
		{AE9F5627-0984-4CF4-9536-549C6B51F07B}.AppStore|x64.ActiveCfg = Debug|iPhoneSimulator
		{AE9F5627-0984-4CF4-9536-549C6B51F07B}.AppStore|x64.Build.0 = Debug|iPhoneSimulator
		{AE9F5627-0984-4CF4-9536-549C6B51F07B}.AppStore|x86.ActiveCfg = Debug|iPhoneSimulator
		{AE9F5627-0984-4CF4-9536-549C6B51F07B}.AppStore|x86.Build.0 = Debug|iPhoneSimulator
		{AE9F5627-0984-4CF4-9536-549C6B51F07B}.Debug|Any CPU.ActiveCfg = Debug|iPhoneSimulator
		{AE9F5627-0984-4CF4-9536-549C6B51F07B}.Debug|ARM.ActiveCfg = Debug|iPhoneSimulator
		{AE9F5627-0984-4CF4-9536-549C6B51F07B}.Debug|ARM64.ActiveCfg = Debug|iPhoneSimulator
		{AE9F5627-0984-4CF4-9536-549C6B51F07B}.Debug|iPhone.ActiveCfg = Debug|iPhoneSimulator
		{AE9F5627-0984-4CF4-9536-549C6B51F07B}.Debug|iPhoneSimulator.ActiveCfg = Debug|iPhoneSimulator
		{AE9F5627-0984-4CF4-9536-549C6B51F07B}.Debug|iPhoneSimulator.Build.0 = Debug|iPhoneSimulator
		{AE9F5627-0984-4CF4-9536-549C6B51F07B}.Debug|x64.ActiveCfg = Debug|iPhoneSimulator
		{AE9F5627-0984-4CF4-9536-549C6B51F07B}.Debug|x86.ActiveCfg = Debug|iPhoneSimulator
		{AE9F5627-0984-4CF4-9536-549C6B51F07B}.Release|Any CPU.ActiveCfg = Release|iPhoneSimulator
		{AE9F5627-0984-4CF4-9536-549C6B51F07B}.Release|ARM.ActiveCfg = Release|iPhoneSimulator
		{AE9F5627-0984-4CF4-9536-549C6B51F07B}.Release|ARM64.ActiveCfg = Release|iPhoneSimulator
		{AE9F5627-0984-4CF4-9536-549C6B51F07B}.Release|iPhone.ActiveCfg = Release|iPhoneSimulator
		{AE9F5627-0984-4CF4-9536-549C6B51F07B}.Release|iPhoneSimulator.ActiveCfg = Release|iPhoneSimulator
		{AE9F5627-0984-4CF4-9536-549C6B51F07B}.Release|iPhoneSimulator.Build.0 = Release|iPhoneSimulator
		{AE9F5627-0984-4CF4-9536-549C6B51F07B}.Release|x64.ActiveCfg = Release|iPhoneSimulator
		{AE9F5627-0984-4CF4-9536-549C6B51F07B}.Release|x86.ActiveCfg = Release|iPhoneSimulator
		{C38B23D2-2B81-46FF-A53E-A995F015961F}.Ad-Hoc|Any CPU.ActiveCfg = Debug|Any CPU
		{C38B23D2-2B81-46FF-A53E-A995F015961F}.Ad-Hoc|Any CPU.Build.0 = Debug|Any CPU
		{C38B23D2-2B81-46FF-A53E-A995F015961F}.Ad-Hoc|ARM.ActiveCfg = Debug|Any CPU
		{C38B23D2-2B81-46FF-A53E-A995F015961F}.Ad-Hoc|ARM.Build.0 = Debug|Any CPU
		{C38B23D2-2B81-46FF-A53E-A995F015961F}.Ad-Hoc|ARM64.ActiveCfg = Debug|Any CPU
		{C38B23D2-2B81-46FF-A53E-A995F015961F}.Ad-Hoc|ARM64.Build.0 = Debug|Any CPU
		{C38B23D2-2B81-46FF-A53E-A995F015961F}.Ad-Hoc|iPhone.ActiveCfg = Debug|Any CPU
		{C38B23D2-2B81-46FF-A53E-A995F015961F}.Ad-Hoc|iPhone.Build.0 = Debug|Any CPU
		{C38B23D2-2B81-46FF-A53E-A995F015961F}.Ad-Hoc|iPhoneSimulator.ActiveCfg = Debug|Any CPU
		{C38B23D2-2B81-46FF-A53E-A995F015961F}.Ad-Hoc|iPhoneSimulator.Build.0 = Debug|Any CPU
		{C38B23D2-2B81-46FF-A53E-A995F015961F}.Ad-Hoc|x64.ActiveCfg = Debug|Any CPU
		{C38B23D2-2B81-46FF-A53E-A995F015961F}.Ad-Hoc|x64.Build.0 = Debug|Any CPU
		{C38B23D2-2B81-46FF-A53E-A995F015961F}.Ad-Hoc|x86.ActiveCfg = Debug|Any CPU
		{C38B23D2-2B81-46FF-A53E-A995F015961F}.Ad-Hoc|x86.Build.0 = Debug|Any CPU
		{C38B23D2-2B81-46FF-A53E-A995F015961F}.AppStore|Any CPU.ActiveCfg = Debug|Any CPU
		{C38B23D2-2B81-46FF-A53E-A995F015961F}.AppStore|Any CPU.Build.0 = Debug|Any CPU
		{C38B23D2-2B81-46FF-A53E-A995F015961F}.AppStore|ARM.ActiveCfg = Debug|Any CPU
		{C38B23D2-2B81-46FF-A53E-A995F015961F}.AppStore|ARM.Build.0 = Debug|Any CPU
		{C38B23D2-2B81-46FF-A53E-A995F015961F}.AppStore|ARM64.ActiveCfg = Debug|Any CPU
		{C38B23D2-2B81-46FF-A53E-A995F015961F}.AppStore|ARM64.Build.0 = Debug|Any CPU
		{C38B23D2-2B81-46FF-A53E-A995F015961F}.AppStore|iPhone.ActiveCfg = Debug|Any CPU
		{C38B23D2-2B81-46FF-A53E-A995F015961F}.AppStore|iPhone.Build.0 = Debug|Any CPU
		{C38B23D2-2B81-46FF-A53E-A995F015961F}.AppStore|iPhoneSimulator.ActiveCfg = Debug|Any CPU
		{C38B23D2-2B81-46FF-A53E-A995F015961F}.AppStore|iPhoneSimulator.Build.0 = Debug|Any CPU
		{C38B23D2-2B81-46FF-A53E-A995F015961F}.AppStore|x64.ActiveCfg = Debug|Any CPU
		{C38B23D2-2B81-46FF-A53E-A995F015961F}.AppStore|x64.Build.0 = Debug|Any CPU
		{C38B23D2-2B81-46FF-A53E-A995F015961F}.AppStore|x86.ActiveCfg = Debug|Any CPU
		{C38B23D2-2B81-46FF-A53E-A995F015961F}.AppStore|x86.Build.0 = Debug|Any CPU
		{C38B23D2-2B81-46FF-A53E-A995F015961F}.Debug|Any CPU.ActiveCfg = Debug|Any CPU
		{C38B23D2-2B81-46FF-A53E-A995F015961F}.Debug|Any CPU.Build.0 = Debug|Any CPU
		{C38B23D2-2B81-46FF-A53E-A995F015961F}.Debug|ARM.ActiveCfg = Debug|Any CPU
		{C38B23D2-2B81-46FF-A53E-A995F015961F}.Debug|ARM.Build.0 = Debug|Any CPU
		{C38B23D2-2B81-46FF-A53E-A995F015961F}.Debug|ARM64.ActiveCfg = Debug|Any CPU
		{C38B23D2-2B81-46FF-A53E-A995F015961F}.Debug|ARM64.Build.0 = Debug|Any CPU
		{C38B23D2-2B81-46FF-A53E-A995F015961F}.Debug|iPhone.ActiveCfg = Debug|Any CPU
		{C38B23D2-2B81-46FF-A53E-A995F015961F}.Debug|iPhone.Build.0 = Debug|Any CPU
		{C38B23D2-2B81-46FF-A53E-A995F015961F}.Debug|iPhoneSimulator.ActiveCfg = Debug|Any CPU
		{C38B23D2-2B81-46FF-A53E-A995F015961F}.Debug|iPhoneSimulator.Build.0 = Debug|Any CPU
		{C38B23D2-2B81-46FF-A53E-A995F015961F}.Debug|x64.ActiveCfg = Debug|Any CPU
		{C38B23D2-2B81-46FF-A53E-A995F015961F}.Debug|x64.Build.0 = Debug|Any CPU
		{C38B23D2-2B81-46FF-A53E-A995F015961F}.Debug|x86.ActiveCfg = Debug|Any CPU
		{C38B23D2-2B81-46FF-A53E-A995F015961F}.Debug|x86.Build.0 = Debug|Any CPU
		{C38B23D2-2B81-46FF-A53E-A995F015961F}.Release|Any CPU.ActiveCfg = Release|Any CPU
		{C38B23D2-2B81-46FF-A53E-A995F015961F}.Release|Any CPU.Build.0 = Release|Any CPU
		{C38B23D2-2B81-46FF-A53E-A995F015961F}.Release|ARM.ActiveCfg = Release|Any CPU
		{C38B23D2-2B81-46FF-A53E-A995F015961F}.Release|ARM.Build.0 = Release|Any CPU
		{C38B23D2-2B81-46FF-A53E-A995F015961F}.Release|ARM64.ActiveCfg = Release|Any CPU
		{C38B23D2-2B81-46FF-A53E-A995F015961F}.Release|ARM64.Build.0 = Release|Any CPU
		{C38B23D2-2B81-46FF-A53E-A995F015961F}.Release|iPhone.ActiveCfg = Release|Any CPU
		{C38B23D2-2B81-46FF-A53E-A995F015961F}.Release|iPhone.Build.0 = Release|Any CPU
		{C38B23D2-2B81-46FF-A53E-A995F015961F}.Release|iPhoneSimulator.ActiveCfg = Release|Any CPU
		{C38B23D2-2B81-46FF-A53E-A995F015961F}.Release|iPhoneSimulator.Build.0 = Release|Any CPU
		{C38B23D2-2B81-46FF-A53E-A995F015961F}.Release|x64.ActiveCfg = Release|Any CPU
		{C38B23D2-2B81-46FF-A53E-A995F015961F}.Release|x64.Build.0 = Release|Any CPU
		{C38B23D2-2B81-46FF-A53E-A995F015961F}.Release|x86.ActiveCfg = Release|Any CPU
		{C38B23D2-2B81-46FF-A53E-A995F015961F}.Release|x86.Build.0 = Release|Any CPU
		{21E9DEA9-7E61-40DE-A546-76B1605B50FB}.Ad-Hoc|Any CPU.ActiveCfg = Debug|Any CPU
		{21E9DEA9-7E61-40DE-A546-76B1605B50FB}.Ad-Hoc|Any CPU.Build.0 = Debug|Any CPU
		{21E9DEA9-7E61-40DE-A546-76B1605B50FB}.Ad-Hoc|ARM.ActiveCfg = Debug|Any CPU
		{21E9DEA9-7E61-40DE-A546-76B1605B50FB}.Ad-Hoc|ARM.Build.0 = Debug|Any CPU
		{21E9DEA9-7E61-40DE-A546-76B1605B50FB}.Ad-Hoc|ARM64.ActiveCfg = Debug|Any CPU
		{21E9DEA9-7E61-40DE-A546-76B1605B50FB}.Ad-Hoc|ARM64.Build.0 = Debug|Any CPU
		{21E9DEA9-7E61-40DE-A546-76B1605B50FB}.Ad-Hoc|iPhone.ActiveCfg = Debug|Any CPU
		{21E9DEA9-7E61-40DE-A546-76B1605B50FB}.Ad-Hoc|iPhone.Build.0 = Debug|Any CPU
		{21E9DEA9-7E61-40DE-A546-76B1605B50FB}.Ad-Hoc|iPhoneSimulator.ActiveCfg = Debug|Any CPU
		{21E9DEA9-7E61-40DE-A546-76B1605B50FB}.Ad-Hoc|iPhoneSimulator.Build.0 = Debug|Any CPU
		{21E9DEA9-7E61-40DE-A546-76B1605B50FB}.Ad-Hoc|x64.ActiveCfg = Debug|Any CPU
		{21E9DEA9-7E61-40DE-A546-76B1605B50FB}.Ad-Hoc|x64.Build.0 = Debug|Any CPU
		{21E9DEA9-7E61-40DE-A546-76B1605B50FB}.Ad-Hoc|x86.ActiveCfg = Debug|Any CPU
		{21E9DEA9-7E61-40DE-A546-76B1605B50FB}.Ad-Hoc|x86.Build.0 = Debug|Any CPU
		{21E9DEA9-7E61-40DE-A546-76B1605B50FB}.AppStore|Any CPU.ActiveCfg = Debug|Any CPU
		{21E9DEA9-7E61-40DE-A546-76B1605B50FB}.AppStore|Any CPU.Build.0 = Debug|Any CPU
		{21E9DEA9-7E61-40DE-A546-76B1605B50FB}.AppStore|ARM.ActiveCfg = Debug|Any CPU
		{21E9DEA9-7E61-40DE-A546-76B1605B50FB}.AppStore|ARM.Build.0 = Debug|Any CPU
		{21E9DEA9-7E61-40DE-A546-76B1605B50FB}.AppStore|ARM64.ActiveCfg = Debug|Any CPU
		{21E9DEA9-7E61-40DE-A546-76B1605B50FB}.AppStore|ARM64.Build.0 = Debug|Any CPU
		{21E9DEA9-7E61-40DE-A546-76B1605B50FB}.AppStore|iPhone.ActiveCfg = Debug|Any CPU
		{21E9DEA9-7E61-40DE-A546-76B1605B50FB}.AppStore|iPhone.Build.0 = Debug|Any CPU
		{21E9DEA9-7E61-40DE-A546-76B1605B50FB}.AppStore|iPhoneSimulator.ActiveCfg = Debug|Any CPU
		{21E9DEA9-7E61-40DE-A546-76B1605B50FB}.AppStore|iPhoneSimulator.Build.0 = Debug|Any CPU
		{21E9DEA9-7E61-40DE-A546-76B1605B50FB}.AppStore|x64.ActiveCfg = Debug|Any CPU
		{21E9DEA9-7E61-40DE-A546-76B1605B50FB}.AppStore|x64.Build.0 = Debug|Any CPU
		{21E9DEA9-7E61-40DE-A546-76B1605B50FB}.AppStore|x86.ActiveCfg = Debug|Any CPU
		{21E9DEA9-7E61-40DE-A546-76B1605B50FB}.AppStore|x86.Build.0 = Debug|Any CPU
		{21E9DEA9-7E61-40DE-A546-76B1605B50FB}.Debug|Any CPU.ActiveCfg = Debug|Any CPU
		{21E9DEA9-7E61-40DE-A546-76B1605B50FB}.Debug|Any CPU.Build.0 = Debug|Any CPU
		{21E9DEA9-7E61-40DE-A546-76B1605B50FB}.Debug|ARM.ActiveCfg = Debug|Any CPU
		{21E9DEA9-7E61-40DE-A546-76B1605B50FB}.Debug|ARM.Build.0 = Debug|Any CPU
		{21E9DEA9-7E61-40DE-A546-76B1605B50FB}.Debug|ARM64.ActiveCfg = Debug|Any CPU
		{21E9DEA9-7E61-40DE-A546-76B1605B50FB}.Debug|ARM64.Build.0 = Debug|Any CPU
		{21E9DEA9-7E61-40DE-A546-76B1605B50FB}.Debug|iPhone.ActiveCfg = Debug|Any CPU
		{21E9DEA9-7E61-40DE-A546-76B1605B50FB}.Debug|iPhone.Build.0 = Debug|Any CPU
		{21E9DEA9-7E61-40DE-A546-76B1605B50FB}.Debug|iPhoneSimulator.ActiveCfg = Debug|Any CPU
		{21E9DEA9-7E61-40DE-A546-76B1605B50FB}.Debug|iPhoneSimulator.Build.0 = Debug|Any CPU
		{21E9DEA9-7E61-40DE-A546-76B1605B50FB}.Debug|x64.ActiveCfg = Debug|Any CPU
		{21E9DEA9-7E61-40DE-A546-76B1605B50FB}.Debug|x64.Build.0 = Debug|Any CPU
		{21E9DEA9-7E61-40DE-A546-76B1605B50FB}.Debug|x86.ActiveCfg = Debug|Any CPU
		{21E9DEA9-7E61-40DE-A546-76B1605B50FB}.Debug|x86.Build.0 = Debug|Any CPU
		{21E9DEA9-7E61-40DE-A546-76B1605B50FB}.Release|Any CPU.ActiveCfg = Release|Any CPU
		{21E9DEA9-7E61-40DE-A546-76B1605B50FB}.Release|Any CPU.Build.0 = Release|Any CPU
		{21E9DEA9-7E61-40DE-A546-76B1605B50FB}.Release|ARM.ActiveCfg = Release|Any CPU
		{21E9DEA9-7E61-40DE-A546-76B1605B50FB}.Release|ARM.Build.0 = Release|Any CPU
		{21E9DEA9-7E61-40DE-A546-76B1605B50FB}.Release|ARM64.ActiveCfg = Release|Any CPU
		{21E9DEA9-7E61-40DE-A546-76B1605B50FB}.Release|ARM64.Build.0 = Release|Any CPU
		{21E9DEA9-7E61-40DE-A546-76B1605B50FB}.Release|iPhone.ActiveCfg = Release|Any CPU
		{21E9DEA9-7E61-40DE-A546-76B1605B50FB}.Release|iPhone.Build.0 = Release|Any CPU
		{21E9DEA9-7E61-40DE-A546-76B1605B50FB}.Release|iPhoneSimulator.ActiveCfg = Release|Any CPU
		{21E9DEA9-7E61-40DE-A546-76B1605B50FB}.Release|iPhoneSimulator.Build.0 = Release|Any CPU
		{21E9DEA9-7E61-40DE-A546-76B1605B50FB}.Release|x64.ActiveCfg = Release|Any CPU
		{21E9DEA9-7E61-40DE-A546-76B1605B50FB}.Release|x64.Build.0 = Release|Any CPU
		{21E9DEA9-7E61-40DE-A546-76B1605B50FB}.Release|x86.ActiveCfg = Release|Any CPU
		{21E9DEA9-7E61-40DE-A546-76B1605B50FB}.Release|x86.Build.0 = Release|Any CPU
		{DE5E94B2-8614-419F-81E6-AEFFBD43E551}.Ad-Hoc|Any CPU.ActiveCfg = Debug|Any CPU
		{DE5E94B2-8614-419F-81E6-AEFFBD43E551}.Ad-Hoc|Any CPU.Build.0 = Debug|Any CPU
		{DE5E94B2-8614-419F-81E6-AEFFBD43E551}.Ad-Hoc|ARM.ActiveCfg = Debug|Any CPU
		{DE5E94B2-8614-419F-81E6-AEFFBD43E551}.Ad-Hoc|ARM.Build.0 = Debug|Any CPU
		{DE5E94B2-8614-419F-81E6-AEFFBD43E551}.Ad-Hoc|ARM64.ActiveCfg = Debug|Any CPU
		{DE5E94B2-8614-419F-81E6-AEFFBD43E551}.Ad-Hoc|ARM64.Build.0 = Debug|Any CPU
		{DE5E94B2-8614-419F-81E6-AEFFBD43E551}.Ad-Hoc|iPhone.ActiveCfg = Debug|Any CPU
		{DE5E94B2-8614-419F-81E6-AEFFBD43E551}.Ad-Hoc|iPhone.Build.0 = Debug|Any CPU
		{DE5E94B2-8614-419F-81E6-AEFFBD43E551}.Ad-Hoc|iPhoneSimulator.ActiveCfg = Debug|Any CPU
		{DE5E94B2-8614-419F-81E6-AEFFBD43E551}.Ad-Hoc|iPhoneSimulator.Build.0 = Debug|Any CPU
		{DE5E94B2-8614-419F-81E6-AEFFBD43E551}.Ad-Hoc|x64.ActiveCfg = Debug|Any CPU
		{DE5E94B2-8614-419F-81E6-AEFFBD43E551}.Ad-Hoc|x64.Build.0 = Debug|Any CPU
		{DE5E94B2-8614-419F-81E6-AEFFBD43E551}.Ad-Hoc|x86.ActiveCfg = Debug|Any CPU
		{DE5E94B2-8614-419F-81E6-AEFFBD43E551}.Ad-Hoc|x86.Build.0 = Debug|Any CPU
		{DE5E94B2-8614-419F-81E6-AEFFBD43E551}.AppStore|Any CPU.ActiveCfg = Debug|Any CPU
		{DE5E94B2-8614-419F-81E6-AEFFBD43E551}.AppStore|Any CPU.Build.0 = Debug|Any CPU
		{DE5E94B2-8614-419F-81E6-AEFFBD43E551}.AppStore|ARM.ActiveCfg = Debug|Any CPU
		{DE5E94B2-8614-419F-81E6-AEFFBD43E551}.AppStore|ARM.Build.0 = Debug|Any CPU
		{DE5E94B2-8614-419F-81E6-AEFFBD43E551}.AppStore|ARM64.ActiveCfg = Debug|Any CPU
		{DE5E94B2-8614-419F-81E6-AEFFBD43E551}.AppStore|ARM64.Build.0 = Debug|Any CPU
		{DE5E94B2-8614-419F-81E6-AEFFBD43E551}.AppStore|iPhone.ActiveCfg = Debug|Any CPU
		{DE5E94B2-8614-419F-81E6-AEFFBD43E551}.AppStore|iPhone.Build.0 = Debug|Any CPU
		{DE5E94B2-8614-419F-81E6-AEFFBD43E551}.AppStore|iPhoneSimulator.ActiveCfg = Debug|Any CPU
		{DE5E94B2-8614-419F-81E6-AEFFBD43E551}.AppStore|iPhoneSimulator.Build.0 = Debug|Any CPU
		{DE5E94B2-8614-419F-81E6-AEFFBD43E551}.AppStore|x64.ActiveCfg = Debug|Any CPU
		{DE5E94B2-8614-419F-81E6-AEFFBD43E551}.AppStore|x64.Build.0 = Debug|Any CPU
		{DE5E94B2-8614-419F-81E6-AEFFBD43E551}.AppStore|x86.ActiveCfg = Debug|Any CPU
		{DE5E94B2-8614-419F-81E6-AEFFBD43E551}.AppStore|x86.Build.0 = Debug|Any CPU
		{DE5E94B2-8614-419F-81E6-AEFFBD43E551}.Debug|Any CPU.ActiveCfg = Debug|Any CPU
		{DE5E94B2-8614-419F-81E6-AEFFBD43E551}.Debug|Any CPU.Build.0 = Debug|Any CPU
		{DE5E94B2-8614-419F-81E6-AEFFBD43E551}.Debug|ARM.ActiveCfg = Debug|Any CPU
		{DE5E94B2-8614-419F-81E6-AEFFBD43E551}.Debug|ARM.Build.0 = Debug|Any CPU
		{DE5E94B2-8614-419F-81E6-AEFFBD43E551}.Debug|ARM64.ActiveCfg = Debug|Any CPU
		{DE5E94B2-8614-419F-81E6-AEFFBD43E551}.Debug|ARM64.Build.0 = Debug|Any CPU
		{DE5E94B2-8614-419F-81E6-AEFFBD43E551}.Debug|iPhone.ActiveCfg = Debug|Any CPU
		{DE5E94B2-8614-419F-81E6-AEFFBD43E551}.Debug|iPhone.Build.0 = Debug|Any CPU
		{DE5E94B2-8614-419F-81E6-AEFFBD43E551}.Debug|iPhoneSimulator.ActiveCfg = Debug|Any CPU
		{DE5E94B2-8614-419F-81E6-AEFFBD43E551}.Debug|iPhoneSimulator.Build.0 = Debug|Any CPU
		{DE5E94B2-8614-419F-81E6-AEFFBD43E551}.Debug|x64.ActiveCfg = Debug|Any CPU
		{DE5E94B2-8614-419F-81E6-AEFFBD43E551}.Debug|x64.Build.0 = Debug|Any CPU
		{DE5E94B2-8614-419F-81E6-AEFFBD43E551}.Debug|x86.ActiveCfg = Debug|Any CPU
		{DE5E94B2-8614-419F-81E6-AEFFBD43E551}.Debug|x86.Build.0 = Debug|Any CPU
		{DE5E94B2-8614-419F-81E6-AEFFBD43E551}.Release|Any CPU.ActiveCfg = Release|Any CPU
		{DE5E94B2-8614-419F-81E6-AEFFBD43E551}.Release|Any CPU.Build.0 = Release|Any CPU
		{DE5E94B2-8614-419F-81E6-AEFFBD43E551}.Release|ARM.ActiveCfg = Release|Any CPU
		{DE5E94B2-8614-419F-81E6-AEFFBD43E551}.Release|ARM.Build.0 = Release|Any CPU
		{DE5E94B2-8614-419F-81E6-AEFFBD43E551}.Release|ARM64.ActiveCfg = Release|Any CPU
		{DE5E94B2-8614-419F-81E6-AEFFBD43E551}.Release|ARM64.Build.0 = Release|Any CPU
		{DE5E94B2-8614-419F-81E6-AEFFBD43E551}.Release|iPhone.ActiveCfg = Release|Any CPU
		{DE5E94B2-8614-419F-81E6-AEFFBD43E551}.Release|iPhone.Build.0 = Release|Any CPU
		{DE5E94B2-8614-419F-81E6-AEFFBD43E551}.Release|iPhoneSimulator.ActiveCfg = Release|Any CPU
		{DE5E94B2-8614-419F-81E6-AEFFBD43E551}.Release|iPhoneSimulator.Build.0 = Release|Any CPU
		{DE5E94B2-8614-419F-81E6-AEFFBD43E551}.Release|x64.ActiveCfg = Release|Any CPU
		{DE5E94B2-8614-419F-81E6-AEFFBD43E551}.Release|x64.Build.0 = Release|Any CPU
		{DE5E94B2-8614-419F-81E6-AEFFBD43E551}.Release|x86.ActiveCfg = Release|Any CPU
		{DE5E94B2-8614-419F-81E6-AEFFBD43E551}.Release|x86.Build.0 = Release|Any CPU
		{CC80364C-90C7-4F62-8F9B-8C20DF4D42BC}.Ad-Hoc|Any CPU.ActiveCfg = Debug|Any CPU
		{CC80364C-90C7-4F62-8F9B-8C20DF4D42BC}.Ad-Hoc|Any CPU.Build.0 = Debug|Any CPU
		{CC80364C-90C7-4F62-8F9B-8C20DF4D42BC}.Ad-Hoc|ARM.ActiveCfg = Debug|Any CPU
		{CC80364C-90C7-4F62-8F9B-8C20DF4D42BC}.Ad-Hoc|ARM.Build.0 = Debug|Any CPU
		{CC80364C-90C7-4F62-8F9B-8C20DF4D42BC}.Ad-Hoc|ARM64.ActiveCfg = Debug|Any CPU
		{CC80364C-90C7-4F62-8F9B-8C20DF4D42BC}.Ad-Hoc|ARM64.Build.0 = Debug|Any CPU
		{CC80364C-90C7-4F62-8F9B-8C20DF4D42BC}.Ad-Hoc|iPhone.ActiveCfg = Debug|Any CPU
		{CC80364C-90C7-4F62-8F9B-8C20DF4D42BC}.Ad-Hoc|iPhone.Build.0 = Debug|Any CPU
		{CC80364C-90C7-4F62-8F9B-8C20DF4D42BC}.Ad-Hoc|iPhoneSimulator.ActiveCfg = Debug|Any CPU
		{CC80364C-90C7-4F62-8F9B-8C20DF4D42BC}.Ad-Hoc|iPhoneSimulator.Build.0 = Debug|Any CPU
		{CC80364C-90C7-4F62-8F9B-8C20DF4D42BC}.Ad-Hoc|x64.ActiveCfg = Debug|Any CPU
		{CC80364C-90C7-4F62-8F9B-8C20DF4D42BC}.Ad-Hoc|x64.Build.0 = Debug|Any CPU
		{CC80364C-90C7-4F62-8F9B-8C20DF4D42BC}.Ad-Hoc|x86.ActiveCfg = Debug|Any CPU
		{CC80364C-90C7-4F62-8F9B-8C20DF4D42BC}.Ad-Hoc|x86.Build.0 = Debug|Any CPU
		{CC80364C-90C7-4F62-8F9B-8C20DF4D42BC}.AppStore|Any CPU.ActiveCfg = Debug|Any CPU
		{CC80364C-90C7-4F62-8F9B-8C20DF4D42BC}.AppStore|Any CPU.Build.0 = Debug|Any CPU
		{CC80364C-90C7-4F62-8F9B-8C20DF4D42BC}.AppStore|ARM.ActiveCfg = Debug|Any CPU
		{CC80364C-90C7-4F62-8F9B-8C20DF4D42BC}.AppStore|ARM.Build.0 = Debug|Any CPU
		{CC80364C-90C7-4F62-8F9B-8C20DF4D42BC}.AppStore|ARM64.ActiveCfg = Debug|Any CPU
		{CC80364C-90C7-4F62-8F9B-8C20DF4D42BC}.AppStore|ARM64.Build.0 = Debug|Any CPU
		{CC80364C-90C7-4F62-8F9B-8C20DF4D42BC}.AppStore|iPhone.ActiveCfg = Debug|Any CPU
		{CC80364C-90C7-4F62-8F9B-8C20DF4D42BC}.AppStore|iPhone.Build.0 = Debug|Any CPU
		{CC80364C-90C7-4F62-8F9B-8C20DF4D42BC}.AppStore|iPhoneSimulator.ActiveCfg = Debug|Any CPU
		{CC80364C-90C7-4F62-8F9B-8C20DF4D42BC}.AppStore|iPhoneSimulator.Build.0 = Debug|Any CPU
		{CC80364C-90C7-4F62-8F9B-8C20DF4D42BC}.AppStore|x64.ActiveCfg = Debug|Any CPU
		{CC80364C-90C7-4F62-8F9B-8C20DF4D42BC}.AppStore|x64.Build.0 = Debug|Any CPU
		{CC80364C-90C7-4F62-8F9B-8C20DF4D42BC}.AppStore|x86.ActiveCfg = Debug|Any CPU
		{CC80364C-90C7-4F62-8F9B-8C20DF4D42BC}.AppStore|x86.Build.0 = Debug|Any CPU
		{CC80364C-90C7-4F62-8F9B-8C20DF4D42BC}.Debug|Any CPU.ActiveCfg = Debug|Any CPU
		{CC80364C-90C7-4F62-8F9B-8C20DF4D42BC}.Debug|Any CPU.Build.0 = Debug|Any CPU
		{CC80364C-90C7-4F62-8F9B-8C20DF4D42BC}.Debug|ARM.ActiveCfg = Debug|Any CPU
		{CC80364C-90C7-4F62-8F9B-8C20DF4D42BC}.Debug|ARM.Build.0 = Debug|Any CPU
		{CC80364C-90C7-4F62-8F9B-8C20DF4D42BC}.Debug|ARM64.ActiveCfg = Debug|Any CPU
		{CC80364C-90C7-4F62-8F9B-8C20DF4D42BC}.Debug|ARM64.Build.0 = Debug|Any CPU
		{CC80364C-90C7-4F62-8F9B-8C20DF4D42BC}.Debug|iPhone.ActiveCfg = Debug|Any CPU
		{CC80364C-90C7-4F62-8F9B-8C20DF4D42BC}.Debug|iPhone.Build.0 = Debug|Any CPU
		{CC80364C-90C7-4F62-8F9B-8C20DF4D42BC}.Debug|iPhoneSimulator.ActiveCfg = Debug|Any CPU
		{CC80364C-90C7-4F62-8F9B-8C20DF4D42BC}.Debug|iPhoneSimulator.Build.0 = Debug|Any CPU
		{CC80364C-90C7-4F62-8F9B-8C20DF4D42BC}.Debug|x64.ActiveCfg = Debug|Any CPU
		{CC80364C-90C7-4F62-8F9B-8C20DF4D42BC}.Debug|x64.Build.0 = Debug|Any CPU
		{CC80364C-90C7-4F62-8F9B-8C20DF4D42BC}.Debug|x86.ActiveCfg = Debug|Any CPU
		{CC80364C-90C7-4F62-8F9B-8C20DF4D42BC}.Debug|x86.Build.0 = Debug|Any CPU
		{CC80364C-90C7-4F62-8F9B-8C20DF4D42BC}.Release|Any CPU.ActiveCfg = Release|Any CPU
		{CC80364C-90C7-4F62-8F9B-8C20DF4D42BC}.Release|Any CPU.Build.0 = Release|Any CPU
		{CC80364C-90C7-4F62-8F9B-8C20DF4D42BC}.Release|ARM.ActiveCfg = Release|Any CPU
		{CC80364C-90C7-4F62-8F9B-8C20DF4D42BC}.Release|ARM.Build.0 = Release|Any CPU
		{CC80364C-90C7-4F62-8F9B-8C20DF4D42BC}.Release|ARM64.ActiveCfg = Release|Any CPU
		{CC80364C-90C7-4F62-8F9B-8C20DF4D42BC}.Release|ARM64.Build.0 = Release|Any CPU
		{CC80364C-90C7-4F62-8F9B-8C20DF4D42BC}.Release|iPhone.ActiveCfg = Release|Any CPU
		{CC80364C-90C7-4F62-8F9B-8C20DF4D42BC}.Release|iPhone.Build.0 = Release|Any CPU
		{CC80364C-90C7-4F62-8F9B-8C20DF4D42BC}.Release|iPhoneSimulator.ActiveCfg = Release|Any CPU
		{CC80364C-90C7-4F62-8F9B-8C20DF4D42BC}.Release|iPhoneSimulator.Build.0 = Release|Any CPU
		{CC80364C-90C7-4F62-8F9B-8C20DF4D42BC}.Release|x64.ActiveCfg = Release|Any CPU
		{CC80364C-90C7-4F62-8F9B-8C20DF4D42BC}.Release|x64.Build.0 = Release|Any CPU
		{CC80364C-90C7-4F62-8F9B-8C20DF4D42BC}.Release|x86.ActiveCfg = Release|Any CPU
		{CC80364C-90C7-4F62-8F9B-8C20DF4D42BC}.Release|x86.Build.0 = Release|Any CPU
	EndGlobalSection
	GlobalSection(SolutionProperties) = preSolution
		HideSolutionNode = FALSE
	EndGlobalSection
	GlobalSection(NestedProjects) = preSolution
		{E0762C5F-CDA0-45DF-A3B8-743545AAE920} = {9118147C-1772-45B1-8618-6A1809903AE7}
		{34BCE05D-B95F-4581-9FE2-B1BACF4F1235} = {9118147C-1772-45B1-8618-6A1809903AE7}
		{56DAE9ED-738A-4724-852D-0AAB28A549A4} = {9118147C-1772-45B1-8618-6A1809903AE7}
		{32950F28-2751-4CF7-B576-3FD5E01B72E8} = {9118147C-1772-45B1-8618-6A1809903AE7}
		{AE9F5627-0984-4CF4-9536-549C6B51F07B} = {9118147C-1772-45B1-8618-6A1809903AE7}
		{C38B23D2-2B81-46FF-A53E-A995F015961F} = {9118147C-1772-45B1-8618-6A1809903AE7}
		{21E9DEA9-7E61-40DE-A546-76B1605B50FB} = {9118147C-1772-45B1-8618-6A1809903AE7}
		{DE5E94B2-8614-419F-81E6-AEFFBD43E551} = {9118147C-1772-45B1-8618-6A1809903AE7}
		{CC80364C-90C7-4F62-8F9B-8C20DF4D42BC} = {9118147C-1772-45B1-8618-6A1809903AE7}
	EndGlobalSection
	GlobalSection(ExtensibilityGlobals) = postSolution
		SolutionGuid = {1DEB806C-3109-43FC-AC90-229BAF804357}
	EndGlobalSection
EndGlobal
